
Microsoft Visual Studio Solution File, Format Version 12.00
# Visual Studio Version 17
VisualStudioVersion = 17.11.35327.3
MinimumVisualStudioVersion = 10.0.40219.1
Project("{FAE04EC0-301F-11D3-BF4B-00C04F79EFBC}") = "Kor", "2024-25-12c_2_Teszt\Kor.csproj", "{4E02E536-ABEC-43D2-8EA6-C5A89C66283C}"
EndProject
Project("{FAE04EC0-301F-11D3-BF4B-00C04F79EFBC}") = "Kor_UTest", "Kor_UTest\Kor_UTest.csproj", "{ACD4FAD0-7766-419C-95E5-402DA8B17450}"
EndProject
Project("{9A19103F-16F7-4668-BE54-9A1E7A4F7556}") = "AtvaltOOP", "AtvaltOOP\AtvaltOOP.csproj", "{F0A87A46-378F-48D6-AA80-135FF9059732}"
EndProject
Project("{FAE04EC0-301F-11D3-BF4B-00C04F79EFBC}") = "AtvaltOOP_test", "AtvaltOOP_test\AtvaltOOP_test.csproj", "{D40DF029-0A62-42B8-A00A-1492B4EBA194}"
EndProject
Project("{FAE04EC0-301F-11D3-BF4B-00C04F79EFBC}") = "PontHatOOP", "ConsoleApp1\PontHatOOP.csproj", "{1076E3A7-9340-4E40-99B5-92DC6094CD48}"
EndProject
Project("{FAE04EC0-301F-11D3-BF4B-00C04F79EFBC}") = "PontHatOOP_Test", "PontHatOOP_Test\PontHatOOP_Test.csproj", "{2D372879-39D4-4F83-8407-DB854DCA4F1C}"
EndProject
Project("{FAE04EC0-301F-11D3-BF4B-00C04F79EFBC}") = "KorTDD", "KorTDD\KorTDD.csproj", "{C34DFCE7-EB1D-487D-9F3F-4B37D7E57142}"
EndProject
Project("{FAE04EC0-301F-11D3-BF4B-00C04F79EFBC}") = "KorTDD_Test", "KorTDD_Test\KorTDD_Test.csproj", "{6B84CE2D-5115-4ED2-9D04-4EA50522552A}"
EndProject
Global
	GlobalSection(SolutionConfigurationPlatforms) = preSolution
		Debug|Any CPU = Debug|Any CPU
		Release|Any CPU = Release|Any CPU
	EndGlobalSection
	GlobalSection(ProjectConfigurationPlatforms) = postSolution
		{4E02E536-ABEC-43D2-8EA6-C5A89C66283C}.Debug|Any CPU.ActiveCfg = Debug|Any CPU
		{4E02E536-ABEC-43D2-8EA6-C5A89C66283C}.Debug|Any CPU.Build.0 = Debug|Any CPU
		{4E02E536-ABEC-43D2-8EA6-C5A89C66283C}.Release|Any CPU.ActiveCfg = Release|Any CPU
		{4E02E536-ABEC-43D2-8EA6-C5A89C66283C}.Release|Any CPU.Build.0 = Release|Any CPU
		{ACD4FAD0-7766-419C-95E5-402DA8B17450}.Debug|Any CPU.ActiveCfg = Debug|Any CPU
		{ACD4FAD0-7766-419C-95E5-402DA8B17450}.Debug|Any CPU.Build.0 = Debug|Any CPU
		{ACD4FAD0-7766-419C-95E5-402DA8B17450}.Release|Any CPU.ActiveCfg = Release|Any CPU
		{ACD4FAD0-7766-419C-95E5-402DA8B17450}.Release|Any CPU.Build.0 = Release|Any CPU
		{F0A87A46-378F-48D6-AA80-135FF9059732}.Debug|Any CPU.ActiveCfg = Debug|Any CPU
		{F0A87A46-378F-48D6-AA80-135FF9059732}.Debug|Any CPU.Build.0 = Debug|Any CPU
		{F0A87A46-378F-48D6-AA80-135FF9059732}.Release|Any CPU.ActiveCfg = Release|Any CPU
		{F0A87A46-378F-48D6-AA80-135FF9059732}.Release|Any CPU.Build.0 = Release|Any CPU
		{D40DF029-0A62-42B8-A00A-1492B4EBA194}.Debug|Any CPU.ActiveCfg = Debug|Any CPU
		{D40DF029-0A62-42B8-A00A-1492B4EBA194}.Debug|Any CPU.Build.0 = Debug|Any CPU
		{D40DF029-0A62-42B8-A00A-1492B4EBA194}.Release|Any CPU.ActiveCfg = Release|Any CPU
		{D40DF029-0A62-42B8-A00A-1492B4EBA194}.Release|Any CPU.Build.0 = Release|Any CPU
		{1076E3A7-9340-4E40-99B5-92DC6094CD48}.Debug|Any CPU.ActiveCfg = Debug|Any CPU
		{1076E3A7-9340-4E40-99B5-92DC6094CD48}.Debug|Any CPU.Build.0 = Debug|Any CPU
		{1076E3A7-9340-4E40-99B5-92DC6094CD48}.Release|Any CPU.ActiveCfg = Release|Any CPU
		{1076E3A7-9340-4E40-99B5-92DC6094CD48}.Release|Any CPU.Build.0 = Release|Any CPU
		{2D372879-39D4-4F83-8407-DB854DCA4F1C}.Debug|Any CPU.ActiveCfg = Debug|Any CPU
		{2D372879-39D4-4F83-8407-DB854DCA4F1C}.Debug|Any CPU.Build.0 = Debug|Any CPU
		{2D372879-39D4-4F83-8407-DB854DCA4F1C}.Release|Any CPU.ActiveCfg = Release|Any CPU
		{2D372879-39D4-4F83-8407-DB854DCA4F1C}.Release|Any CPU.Build.0 = Release|Any CPU
		{C34DFCE7-EB1D-487D-9F3F-4B37D7E57142}.Debug|Any CPU.ActiveCfg = Debug|Any CPU
		{C34DFCE7-EB1D-487D-9F3F-4B37D7E57142}.Debug|Any CPU.Build.0 = Debug|Any CPU
		{C34DFCE7-EB1D-487D-9F3F-4B37D7E57142}.Release|Any CPU.ActiveCfg = Release|Any CPU
		{C34DFCE7-EB1D-487D-9F3F-4B37D7E57142}.Release|Any CPU.Build.0 = Release|Any CPU
		{6B84CE2D-5115-4ED2-9D04-4EA50522552A}.Debug|Any CPU.ActiveCfg = Debug|Any CPU
		{6B84CE2D-5115-4ED2-9D04-4EA50522552A}.Debug|Any CPU.Build.0 = Debug|Any CPU
		{6B84CE2D-5115-4ED2-9D04-4EA50522552A}.Release|Any CPU.ActiveCfg = Release|Any CPU
		{6B84CE2D-5115-4ED2-9D04-4EA50522552A}.Release|Any CPU.Build.0 = Release|Any CPU
	EndGlobalSection
	GlobalSection(SolutionProperties) = preSolution
		HideSolutionNode = FALSE
	EndGlobalSection
	GlobalSection(ExtensibilityGlobals) = postSolution
		SolutionGuid = {4AB21A64-8453-42CD-AB93-DF962FDD059C}
	EndGlobalSection
EndGlobal
